
Microsoft Visual Studio Solution File, Format Version 12.00
# Visual Studio Version 17
VisualStudioVersion = 17.7.34031.279
MinimumVisualStudioVersion = 10.0.40219.1
Project("{9A19103F-16F7-4668-BE54-9A1E7A4F7556}") = "ConsoleApp1", "ConsoleApp1\ConsoleApp1.csproj", "{02DDD140-B4C9-4C7F-B6F5-BC23D6B5B6C7}"
EndProject
Project("{9A19103F-16F7-4668-BE54-9A1E7A4F7556}") = "Utility", "Utility\Utility.csproj", "{4263AD63-40ED-407C-8583-CBF987E35A59}"
EndProject
Project("{9A19103F-16F7-4668-BE54-9A1E7A4F7556}") = "ConsoleApp2", "ConsoleApp2\ConsoleApp2.csproj", "{F1F860FC-EE8C-4D69-A5C5-300E0C05E318}"
EndProject
Global
	GlobalSection(SolutionConfigurationPlatforms) = preSolution
		Debug|Any CPU = Debug|Any CPU
		Release|Any CPU = Release|Any CPU
	EndGlobalSection
	GlobalSection(ProjectConfigurationPlatforms) = postSolution
		{02DDD140-B4C9-4C7F-B6F5-BC23D6B5B6C7}.Debug|Any CPU.ActiveCfg = Debug|Any CPU
		{02DDD140-B4C9-4C7F-B6F5-BC23D6B5B6C7}.Debug|Any CPU.Build.0 = Debug|Any CPU
		{02DDD140-B4C9-4C7F-B6F5-BC23D6B5B6C7}.Release|Any CPU.ActiveCfg = Release|Any CPU
		{02DDD140-B4C9-4C7F-B6F5-BC23D6B5B6C7}.Release|Any CPU.Build.0 = Release|Any CPU
		{4263AD63-40ED-407C-8583-CBF987E35A59}.Debug|Any CPU.ActiveCfg = Debug|Any CPU
		{4263AD63-40ED-407C-8583-CBF987E35A59}.Debug|Any CPU.Build.0 = Debug|Any CPU
		{4263AD63-40ED-407C-8583-CBF987E35A59}.Release|Any CPU.ActiveCfg = Release|Any CPU
		{4263AD63-40ED-407C-8583-CBF987E35A59}.Release|Any CPU.Build.0 = Release|Any CPU
		{F1F860FC-EE8C-4D69-A5C5-300E0C05E318}.Debug|Any CPU.ActiveCfg = Debug|Any CPU
		{F1F860FC-EE8C-4D69-A5C5-300E0C05E318}.Debug|Any CPU.Build.0 = Debug|Any CPU
		{F1F860FC-EE8C-4D69-A5C5-300E0C05E318}.Release|Any CPU.ActiveCfg = Release|Any CPU
		{F1F860FC-EE8C-4D69-A5C5-300E0C05E318}.Release|Any CPU.Build.0 = Release|Any CPU
	EndGlobalSection
	GlobalSection(SolutionProperties) = preSolution
		HideSolutionNode = FALSE
	EndGlobalSection
	GlobalSection(ExtensibilityGlobals) = postSolution
		SolutionGuid = {8D26906C-91D6-4E4F-AFE7-7DF53B811544}
	EndGlobalSection
EndGlobal
